
Microsoft Visual Studio Solution File, Format Version 12.00
# Visual Studio Version 17
VisualStudioVersion = 17.4.33213.308
MinimumVisualStudioVersion = 10.0.40219.1
Project("{9A19103F-16F7-4668-BE54-9A1E7A4F7556}") = "yescrypt", "yescrypt\yescrypt.csproj", "{E86FFA23-0327-4464-9CC1-FEC707A448F8}"
EndProject
Project("{9A19103F-16F7-4668-BE54-9A1E7A4F7556}") = "tests", "tests\tests.csproj", "{4F908D50-B4FF-4325-B0DD-8F9A7C8F8C47}"
EndProject
Project("{2150E333-8FDC-42A3-9474-1A3956D46DE8}") = "Solution Items", "Solution Items", "{7B4191A5-4474-42E2-9B64-344E7E8B9653}"
	ProjectSection(SolutionItems) = preProject
		appveyor-prebuild.ps1 = appveyor-prebuild.ps1
		appveyor.yml = appveyor.yml
		LICENSE = LICENSE
		logo-128.png = logo-128.png
		README.md = README.md
	EndProjectSection
EndProject
Global
	GlobalSection(SolutionConfigurationPlatforms) = preSolution
		Debug|Any CPU = Debug|Any CPU
		Release|Any CPU = Release|Any CPU
	EndGlobalSection
	GlobalSection(ProjectConfigurationPlatforms) = postSolution
		{E86FFA23-0327-4464-9CC1-FEC707A448F8}.Debug|Any CPU.ActiveCfg = Debug|Any CPU
		{E86FFA23-0327-4464-9CC1-FEC707A448F8}.Debug|Any CPU.Build.0 = Debug|Any CPU
		{E86FFA23-0327-4464-9CC1-FEC707A448F8}.Release|Any CPU.ActiveCfg = Release|Any CPU
		{E86FFA23-0327-4464-9CC1-FEC707A448F8}.Release|Any CPU.Build.0 = Release|Any CPU
		{4F908D50-B4FF-4325-B0DD-8F9A7C8F8C47}.Debug|Any CPU.ActiveCfg = Debug|Any CPU
		{4F908D50-B4FF-4325-B0DD-8F9A7C8F8C47}.Debug|Any CPU.Build.0 = Debug|Any CPU
		{4F908D50-B4FF-4325-B0DD-8F9A7C8F8C47}.Release|Any CPU.ActiveCfg = Release|Any CPU
		{4F908D50-B4FF-4325-B0DD-8F9A7C8F8C47}.Release|Any CPU.Build.0 = Release|Any CPU
	EndGlobalSection
	GlobalSection(SolutionProperties) = preSolution
		HideSolutionNode = FALSE
	EndGlobalSection
	GlobalSection(ExtensibilityGlobals) = postSolution
		SolutionGuid = {174F2156-EF80-49AE-97B5-B0B70E373A83}
	EndGlobalSection
EndGlobal
